<?xml version="1.0" encoding="utf-8"?>
<Project ToolsVersion="4.0" xmlns="http://schemas.microsoft.com/developer/msbuild/2003">
  <ItemGroup>
    <Filter Include="Source Files">
      <UniqueIdentifier>{4FC737F1-C7A5-4376-A066-2A32D752A2FF}</UniqueIdentifier>
      <Extensions>cpp;c;cc;cxx;def;odl;idl;hpj;bat;asm;asmx</Extensions>
    </Filter>
    <Filter Include="Header Files">
      <UniqueIdentifier>{93995380-89BD-4b04-88EB-625FBE52EBFB}</UniqueIdentifier>
      <Extensions>h;hpp;hxx;hm;inl;inc;xsd</Extensions>
    </Filter>
    <Filter Include="Resource Files">
      <UniqueIdentifier>{67DA6AB6-F800-4c08-8B7A-83BB121AAD01}</UniqueIdentifier>
      <Extensions>rc;ico;cur;bmp;dlg;rc2;rct;bin;rgs;gif;jpg;jpeg;jpe;resx;tiff;tif;png;wav;mfcribbon-ms</Extensions>
    </Filter>
  </ItemGroup>
  <ItemGroup>
    <Text Include="ReadMe.txt" />
  </ItemGroup>
  <ItemGroup>
    <ClInclude Include="stdafx.h">
      <Filter>Header Files</Filter>
    </ClInclude>
    <ClInclude Include="targetver.h">
      <Filter>Header Files</Filter>
    </ClInclude>
    <ClInclude Include="Resource.h">
      <Filter>Header Files</Filter>
    </ClInclude>
    <ClInclude Include="PowerSchemes.h">
      <Filter>Header Files</Filter>
    </ClInclude>
    <ClInclude Include="PowerSettings.h">
      <Filter>Header Files</Filter>
    </ClInclude>
    <ClInclude Include="StopWatch.h">
      <Filter>Header Files</Filter>
    </ClInclude>
    <ClInclude Include="CriticalSection.h">
      <Filter>Header Files</Filter>
    </ClInclude>
    <ClInclude Include="DoubleBuffer.h">
      <Filter>Header Files</Filter>
    </ClInclude>
    <ClInclude Include="Exceptions.h">
      <Filter>Header Files</Filter>
    </ClInclude>
    <ClInclude Include="Mutex.h">
      <Filter>Header Files</Filter>
    </ClInclude>
    <ClInclude Include="Commons.h">
      <Filter>Header Files</Filter>
    </ClInclude>
    <ClInclude Include="CPU.h">
      <Filter>Header Files</Filter>
    </ClInclude>
    <ClInclude Include="CpuWorkload.h">
      <Filter>Header Files</Filter>
    </ClInclude>
    <ClInclude Include="MsrDriver.h">
      <Filter>Header Files</Filter>
    </ClInclude>
    <ClInclude Include="BitHelpers.h">
      <Filter>Header Files</Filter>
    </ClInclude>
    <ClInclude Include="DiskMonitor.h">
      <Filter>Header Files</Filter>
    </ClInclude>
    <ClInclude Include="MemoryMonitor.h">
      <Filter>Header Files</Filter>
    </ClInclude>
    <ClInclude Include="Loggers.h">
      <Filter>Header Files</Filter>
    </ClInclude>
    <ClInclude Include="LoserTree.h">
      <Filter>Header Files</Filter>
    </ClInclude>
    <ClInclude Include="QuickSort.h">
      <Filter>Header Files</Filter>
    </ClInclude>
    <ClInclude Include="PageHelpers.h">
      <Filter>Header Files</Filter>
    </ClInclude>
    <ClInclude Include="ExsMergePhase.h">
      <Filter>Header Files</Filter>
    </ClInclude>
    <ClInclude Include="ExsPartitionPhase.h">
      <Filter>Header Files</Filter>
    </ClInclude>
    <ClInclude Include="BNLJ.h">
      <Filter>Header Files</Filter>
    </ClInclude>
    <ClInclude Include="DialogHelpers.h">
      <Filter>Header Files</Filter>
    </ClInclude>
    <ClInclude Include="WaitInfo.h">
      <Filter>Header Files</Filter>
    </ClInclude>
    <ClInclude Include="HHJ.h">
      <Filter>Header Files</Filter>
    </ClInclude>
    <ClInclude Include="SMJ.h">
      <Filter>Header Files</Filter>
    </ClInclude>
    <ClInclude Include="NSM.h">
      <Filter>Header Files</Filter>
    </ClInclude>
    <ClInclude Include="GHJ.h">
      <Filter>Header Files</Filter>
    </ClInclude>
    <ClInclude Include="PageHelpers2.h">
      <Filter>Header Files</Filter>
    </ClInclude>
    <ClInclude Include="WmiService.h">
      <Filter>Header Files</Filter>
    </ClInclude>
    <ClInclude Include="MemoryWorkload.h">
      <Filter>Header Files</Filter>
    </ClInclude>
    <ClInclude Include="IOWorkload.h">
      <Filter>Header Files</Filter>
    </ClInclude>
    <ClInclude Include="PSMJ.h">
      <Filter>Header Files</Filter>
    </ClInclude>
    <ClInclude Include="PEMS.h">
      <Filter>Header Files</Filter>
    </ClInclude>
    <ClInclude Include="ReplacementSelection.h">
      <Filter>Header Files</Filter>
    </ClInclude>
    <ClInclude Include="SMJ2.h">
      <Filter>Header Files</Filter>
    </ClInclude>
    <ClInclude Include="CEMS.h">
      <Filter>Header Files</Filter>
    </ClInclude>
    <ClInclude Include="CAboutDlg.h">
      <Filter>Header Files</Filter>
    </ClInclude>
    <ClInclude Include="CBnljDlg.h">
      <Filter>Header Files</Filter>
    </ClInclude>
    <ClInclude Include="CCemsDlg.h">
      <Filter>Header Files</Filter>
    </ClInclude>
    <ClInclude Include="CGhjDlg.h">
      <Filter>Header Files</Filter>
    </ClInclude>
    <ClInclude Include="CHhjDlg.h">
      <Filter>Header Files</Filter>
    </ClInclude>
    <ClInclude Include="CLargeFileDlg.h">
      <Filter>Header Files</Filter>
    </ClInclude>
    <ClInclude Include="CNsmDlg.h">
      <Filter>Header Files</Filter>
    </ClInclude>
    <ClInclude Include="CPemsDlg.h">
      <Filter>Header Files</Filter>
    </ClInclude>
    <ClInclude Include="CPowerControlDlg.h">
      <Filter>Header Files</Filter>
    </ClInclude>
    <ClInclude Include="CProcessorInfoDlg.h">
      <Filter>Header Files</Filter>
    </ClInclude>
    <ClInclude Include="CPsmjDlg.h">
      <Filter>Header Files</Filter>
    </ClInclude>
    <ClInclude Include="CPWSMJDlg.h">
      <Filter>Header Files</Filter>
    </ClInclude>
    <ClInclude Include="CRpDlg.h">
      <Filter>Header Files</Filter>
    </ClInclude>
    <ClInclude Include="CSmj2Dlg.h">
      <Filter>Header Files</Filter>
    </ClInclude>
    <ClInclude Include="CSmjDlg.h">
      <Filter>Header Files</Filter>
    </ClInclude>
    <ClInclude Include="CpuTopology.h">
      <Filter>Header Files</Filter>
    </ClInclude>
    <ClInclude Include="CpuUsage.h">
      <Filter>Header Files</Filter>
    </ClInclude>
    <ClInclude Include="TSMJ.h">
      <Filter>Header Files</Filter>
    </ClInclude>
    <ClInclude Include="SRW.h">
      <Filter>Header Files</Filter>
    </ClInclude>
    <ClInclude Include="PSMJRP.h">
      <Filter>Header Files</Filter>
    </ClInclude>
    <ClInclude Include="Main.h">
      <Filter>Header Files</Filter>
    </ClInclude>
    <ClInclude Include="DataTypes.h">
      <Filter>Header Files</Filter>
    </ClInclude>
    <ClInclude Include="WMI.h">
      <Filter>Header Files</Filter>
    </ClInclude>
  </ItemGroup>
  <ItemGroup>
    <ClCompile Include="stdafx.cpp">
      <Filter>Source Files</Filter>
    </ClCompile>
    <ClCompile Include="PowerSchemes.cpp">
      <Filter>Source Files</Filter>
    </ClCompile>
    <ClCompile Include="StopWatch.cpp">
      <Filter>Source Files</Filter>
    </ClCompile>
    <ClCompile Include="CriticalSection.cpp">
      <Filter>Source Files</Filter>
    </ClCompile>
    <ClCompile Include="DoubleBuffer.cpp">
      <Filter>Source Files</Filter>
    </ClCompile>
    <ClCompile Include="Mutex.cpp">
      <Filter>Source Files</Filter>
    </ClCompile>
    <ClCompile Include="Commons.cpp">
      <Filter>Source Files</Filter>
    </ClCompile>
    <ClCompile Include="CPU.cpp">
      <Filter>Source Files</Filter>
    </ClCompile>
    <ClCompile Include="CpuWorkload.cpp">
      <Filter>Source Files</Filter>
    </ClCompile>
    <ClCompile Include="MsrDriver.cpp">
      <Filter>Source Files</Filter>
    </ClCompile>
    <ClCompile Include="BitHelpers.cpp">
      <Filter>Source Files</Filter>
    </ClCompile>
    <ClCompile Include="DiskMonitor.cpp">
      <Filter>Source Files</Filter>
    </ClCompile>
    <ClCompile Include="MemoryMonitor.cpp">
      <Filter>Source Files</Filter>
    </ClCompile>
    <ClCompile Include="Loggers.cpp">
      <Filter>Source Files</Filter>
    </ClCompile>
    <ClCompile Include="LoserTree.cpp">
      <Filter>Source Files</Filter>
    </ClCompile>
    <ClCompile Include="QuickSort.cpp">
      <Filter>Source Files</Filter>
    </ClCompile>
    <ClCompile Include="PageHelpers.cpp">
      <Filter>Source Files</Filter>
    </ClCompile>
    <ClCompile Include="ExsMergePhase.cpp">
      <Filter>Source Files</Filter>
    </ClCompile>
    <ClCompile Include="ExsPartitionPhase.cpp">
      <Filter>Source Files</Filter>
    </ClCompile>
    <ClCompile Include="BNLJ.cpp">
      <Filter>Source Files</Filter>
    </ClCompile>
    <ClCompile Include="DialogHelpers.cpp">
      <Filter>Source Files</Filter>
    </ClCompile>
    <ClCompile Include="WaitInfo.cpp">
      <Filter>Source Files</Filter>
    </ClCompile>
    <ClCompile Include="Exceptions.cpp">
      <Filter>Source Files</Filter>
    </ClCompile>
    <ClCompile Include="HHJ.cpp">
      <Filter>Source Files</Filter>
    </ClCompile>
    <ClCompile Include="SMJ.cpp">
      <Filter>Source Files</Filter>
    </ClCompile>
    <ClCompile Include="NSM.cpp">
      <Filter>Source Files</Filter>
    </ClCompile>
    <ClCompile Include="GHJ.cpp">
      <Filter>Source Files</Filter>
    </ClCompile>
    <ClCompile Include="PageHelpers2.cpp">
      <Filter>Source Files</Filter>
    </ClCompile>
    <ClCompile Include="WmiService.cpp">
      <Filter>Source Files</Filter>
    </ClCompile>
    <ClCompile Include="MemoryWorkload.cpp">
      <Filter>Source Files</Filter>
    </ClCompile>
    <ClCompile Include="IOWorkload.cpp">
      <Filter>Source Files</Filter>
    </ClCompile>
    <ClCompile Include="PSMJ.cpp">
      <Filter>Source Files</Filter>
    </ClCompile>
    <ClCompile Include="PEMS.cpp">
      <Filter>Source Files</Filter>
    </ClCompile>
    <ClCompile Include="ReplacementSelection.cpp">
      <Filter>Source Files</Filter>
    </ClCompile>
    <ClCompile Include="SMJ2.cpp">
      <Filter>Source Files</Filter>
    </ClCompile>
    <ClCompile Include="CEMS.cpp">
      <Filter>Source Files</Filter>
    </ClCompile>
    <ClCompile Include="CAboutDlg.cpp">
      <Filter>Source Files</Filter>
    </ClCompile>
    <ClCompile Include="CBnljDlg.cpp">
      <Filter>Source Files</Filter>
    </ClCompile>
    <ClCompile Include="CCemsDlg.cpp">
      <Filter>Source Files</Filter>
    </ClCompile>
    <ClCompile Include="CGhjDlg.cpp">
      <Filter>Source Files</Filter>
    </ClCompile>
    <ClCompile Include="CHhjDlg.cpp">
      <Filter>Source Files</Filter>
    </ClCompile>
    <ClCompile Include="CLargeFileDlg.cpp">
      <Filter>Source Files</Filter>
    </ClCompile>
    <ClCompile Include="CNsmDlg.cpp">
      <Filter>Source Files</Filter>
    </ClCompile>
    <ClCompile Include="CPemsDlg.cpp">
      <Filter>Source Files</Filter>
    </ClCompile>
    <ClCompile Include="CPowerControlDlg.cpp">
      <Filter>Source Files</Filter>
    </ClCompile>
    <ClCompile Include="CProcessorInfoDlg.cpp">
      <Filter>Source Files</Filter>
    </ClCompile>
    <ClCompile Include="CPsmjDlg.cpp">
      <Filter>Source Files</Filter>
    </ClCompile>
    <ClCompile Include="CPWSMJDlg.cpp">
      <Filter>Source Files</Filter>
    </ClCompile>
    <ClCompile Include="CRpDlg.cpp">
      <Filter>Source Files</Filter>
    </ClCompile>
    <ClCompile Include="CSmj2Dlg.cpp">
      <Filter>Source Files</Filter>
    </ClCompile>
    <ClCompile Include="CSmjDlg.cpp">
      <Filter>Source Files</Filter>
    </ClCompile>
    <ClCompile Include="CpuTopology.cpp">
      <Filter>Source Files</Filter>
    </ClCompile>
    <ClCompile Include="CpuUsage.cpp">
      <Filter>Source Files</Filter>
    </ClCompile>
    <ClCompile Include="TSMJ.cpp">
      <Filter>Source Files</Filter>
    </ClCompile>
    <ClCompile Include="SRW.cpp">
      <Filter>Source Files</Filter>
    </ClCompile>
    <ClCompile Include="PSMJRP.cpp">
      <Filter>Source Files</Filter>
    </ClCompile>
    <ClCompile Include="Main.cpp">
      <Filter>Source Files</Filter>
    </ClCompile>
    <ClCompile Include="WMI.cpp">
      <Filter>Source Files</Filter>
    </ClCompile>
  </ItemGroup>
  <ItemGroup>
    <ResourceCompile Include="PWSMJ.rc">
      <Filter>Resource Files</Filter>
    </ResourceCompile>
  </ItemGroup>
  <ItemGroup>
    <None Include="res\PWSMJ.rc2">
      <Filter>Resource Files</Filter>
    </None>
  </ItemGroup>
  <ItemGroup>
    <Image Include="res\PWSMJ.ico">
      <Filter>Resource Files</Filter>
    </Image>
  </ItemGroup>
</Project>